{
  "name": "examples",
  "version": "0.0.1",
  "lockfileVersion": 1,
  "requires": true,
  "dependencies": {
    "@yayfon/yayfon-js-sdk": {
      "version": "1.0.4",
      "resolved": "https://registry.npmjs.org/@yayfon/yayfon-js-sdk/-/yayfon-js-sdk-1.0.4.tgz",
      "integrity": "sha512-gbIDoy7pbBbDO6FzmrMWXw+PYK97vRHF0LD3COuIMR5LcbUUEAHlXKhmW+k8II5p3kanrKDP+6DqlQy5faU2Ow=="
    }
  }
}
