{
  "name": "examples",
  "version": "0.0.1",
  "lockfileVersion": 1,
  "requires": true,
  "dependencies": {
    "@yayfon/yayfon-js-sdk": {
      "version": "1.0.15",
      "resolved": "https://registry.npmjs.org/@yayfon/yayfon-js-sdk/-/yayfon-js-sdk-1.0.15.tgz",
      "integrity": "sha512-gs91y36m35JS8N7Om/P4x6LFYCxIhwB0U0mspyYgqnC6Pq9PZ8VcS0BQT16QOObXO1Cc2KCQguNEvhbRPBAI7w=="
    },
    "debug": {
      "version": "3.1.0",
      "resolved": "https://registry.npmjs.org/debug/-/debug-3.1.0.tgz",
      "integrity": "sha512-OX8XqP7/1a9cqkxYw2yXss15f26NKWBpDXQd0/uK/KPqdQhxbPa994hnzjcE2VqQpDslf55723cKPUOGSmMY3g==",
      "requires": {
        "ms": "2.0.0"
      }
    },
    "events": {
      "version": "2.1.0",
      "resolved": "https://registry.npmjs.org/events/-/events-2.1.0.tgz",
      "integrity": "sha512-3Zmiobend8P9DjmKAty0Era4jV8oJ0yGYe2nJJAxgymF9+N8F2m0hhZiMoWtcfepExzNKZumFU3ksdQbInGWCg=="
    },
    "jssip": {
      "version": "3.2.11",
      "resolved": "https://registry.npmjs.org/jssip/-/jssip-3.2.11.tgz",
      "integrity": "sha512-oZsfi4mXhcE60Qy2grcHv85iX1GZ8tHfw4cTCVKBFeMgEtkBcVINp+WwVjX7iiSDAo71NjOnE3C6pezrOmLbhQ==",
      "requires": {
        "debug": "^3.1.0",
        "events": "^2.0.0",
        "sdp-transform": "^2.4.1",
        "webrtc-adapter": "^6.1.5"
      }
    },
    "ms": {
      "version": "2.0.0",
      "resolved": "https://registry.npmjs.org/ms/-/ms-2.0.0.tgz",
      "integrity": "sha1-VgiurfwAvmwpAd9fmGF4jeDVl8g="
    },
    "rtcpeerconnection-shim": {
      "version": "1.2.13",
      "resolved": "https://registry.npmjs.org/rtcpeerconnection-shim/-/rtcpeerconnection-shim-1.2.13.tgz",
      "integrity": "sha512-Xz4zQLZNs9lFBvqbaHGIjLWtyZ1V82ec5r+WNEo7NlIx3zF5M3ytn9mkkfYeZmpE032cNg3Vvf0rP8kNXUNd9w==",
      "requires": {
        "sdp": "^2.6.0"
      }
    },
    "sdp": {
      "version": "2.8.0",
      "resolved": "https://registry.npmjs.org/sdp/-/sdp-2.8.0.tgz",
      "integrity": "sha512-wRSES07rAwKWAR7aev9UuClT7kdf9ZTdeUK5gTgHue9vlhs19Fbm3ccNEGJO4y2IitH4/JzS4sdzyPl6H2KQLw=="
    },
    "sdp-transform": {
      "version": "2.4.1",
      "resolved": "https://registry.npmjs.org/sdp-transform/-/sdp-transform-2.4.1.tgz",
      "integrity": "sha512-dCReSJ6NtCW6goKkKBEHcIknBS1pKejnMw+S3p3jl0PALPFrbjbreCyQ+CABtFxl2GXD2/05+C2q2gZP23dUWQ=="
    },
    "webrtc-adapter": {
      "version": "6.3.2",
      "resolved": "https://registry.npmjs.org/webrtc-adapter/-/webrtc-adapter-6.3.2.tgz",
      "integrity": "sha512-7pFMXpZCka7ScIQyk8Wo+fOr3OlKLtGd6YHqkHVT74zerpY2Siyds8sxsmkE0bNqsi/J1b0vDzN7WpB34dQzAA==",
      "requires": {
        "rtcpeerconnection-shim": "^1.2.10",
        "sdp": "^2.7.0"
      }
    }
  }
}
