{
  "name": "examples",
  "version": "0.0.1",
  "lockfileVersion": 1,
  "requires": true,
  "dependencies": {
    "@yayfon/yayfon-js-sdk": {
      "version": "1.0.3",
      "resolved": "https://registry.npmjs.org/@yayfon/yayfon-js-sdk/-/yayfon-js-sdk-1.0.3.tgz",
      "integrity": "sha512-xuy+J5y6gbpGgjbo7UPY0yaxze1i5BIQQSFEPrB1EXi+ZnG0oqUM+VUEdZ4bJuYcu8KXL02U7hNUgBrFWlQeLw=="
    },
    "debug": {
      "version": "3.2.5",
      "resolved": "https://registry.npmjs.org/debug/-/debug-3.2.5.tgz",
      "integrity": "sha512-D61LaDQPQkxJ5AUM2mbSJRbPkNs/TmdmOeLAi1hgDkpDfIfetSrjmWhccwtuResSwMbACjx/xXQofvM9CE/aeg==",
      "requires": {
        "ms": "^2.1.1"
      }
    },
    "events": {
      "version": "3.0.0",
      "resolved": "https://registry.npmjs.org/events/-/events-3.0.0.tgz",
      "integrity": "sha512-Dc381HFWJzEOhQ+d8pkNon++bk9h6cdAoAj4iE6Q4y6xgTzySWXlKn05/TVNpjnfRqi/X0EpJEJohPjNI3zpVA=="
    },
    "jssip": {
      "version": "3.2.14",
      "resolved": "https://registry.npmjs.org/jssip/-/jssip-3.2.14.tgz",
      "integrity": "sha512-vdMPI6moW3N3atCOX0Nmkfe/1d6BgGE4WWblmzY/dUNoozxUQ8PkbqsyGzC1as6XOvGVDRJGS61qZFEP6wfGmQ==",
      "requires": {
        "debug": "^3.1.0",
        "events": "^3.0.0",
        "sdp-transform": "^2.4.1",
        "webrtc-adapter": "^6.3.2"
      }
    },
    "ms": {
      "version": "2.1.1",
      "resolved": "https://registry.npmjs.org/ms/-/ms-2.1.1.tgz",
      "integrity": "sha512-tgp+dl5cGk28utYktBsrFqA7HKgrhgPsg6Z/EfhWI4gl1Hwq8B/GmY/0oXZ6nF8hDVesS/FpnYaD/kOWhYQvyg=="
    },
    "rtcpeerconnection-shim": {
      "version": "1.2.14",
      "resolved": "https://registry.npmjs.org/rtcpeerconnection-shim/-/rtcpeerconnection-shim-1.2.14.tgz",
      "integrity": "sha512-/sl1vgarkFPU2rbXy+EMmytMQIzCKNbIm3fChjPnsdytKAROgoivB0KLE7PQRjKx/d/nr/Yx+6qu0/eCpoxn/A==",
      "requires": {
        "sdp": "^2.6.0"
      }
    },
    "sdp": {
      "version": "2.9.0",
      "resolved": "https://registry.npmjs.org/sdp/-/sdp-2.9.0.tgz",
      "integrity": "sha512-XAVZQO4qsfzVTHorF49zCpkdxiGmPNjA8ps8RcJGtGP3QJ/A8I9/SVg/QnkAFDMXIyGbHZBBFwYBw6WdnhT96w=="
    },
    "sdp-transform": {
      "version": "2.4.1",
      "resolved": "https://registry.npmjs.org/sdp-transform/-/sdp-transform-2.4.1.tgz",
      "integrity": "sha512-dCReSJ6NtCW6goKkKBEHcIknBS1pKejnMw+S3p3jl0PALPFrbjbreCyQ+CABtFxl2GXD2/05+C2q2gZP23dUWQ=="
    },
    "webrtc-adapter": {
      "version": "6.4.0",
      "resolved": "https://registry.npmjs.org/webrtc-adapter/-/webrtc-adapter-6.4.0.tgz",
      "integrity": "sha512-VUX/YMIRWwJy74Q2K2KBTh2VlvD4GgxLzLtGC+mecdeTjb+nxzhlCpxwx0lqpiU2apKXHqKLfxMWcrxYnmd6LA==",
      "requires": {
        "rtcpeerconnection-shim": "^1.2.14",
        "sdp": "^2.9.0"
      }
    }
  }
}
